
Microsoft Visual Studio Solution File, Format Version 12.00
# Visual Studio 2013
VisualStudioVersion = 12.0.31101.0
MinimumVisualStudioVersion = 10.0.40219.1
Project("{FAE04EC0-301F-11D3-BF4B-00C04F79EFBC}") = "NoExcelImportTools", "NoExcelImportTools\NoExcelImportTools.csproj", "{D6A76567-A584-4612-9EFE-A155E96C1C7A}"
EndProject
Project("{FAE04EC0-301F-11D3-BF4B-00C04F79EFBC}") = "DemoConsole", "DemoConsole\DemoConsole.csproj", "{AFF67CDA-E428-43B6-A361-0FDB7B0D5A24}"
EndProject
Global
	GlobalSection(SolutionConfigurationPlatforms) = preSolution
		Debug|Any CPU = Debug|Any CPU
		Release|Any CPU = Release|Any CPU
	EndGlobalSection
	GlobalSection(ProjectConfigurationPlatforms) = postSolution
		{D6A76567-A584-4612-9EFE-A155E96C1C7A}.Debug|Any CPU.ActiveCfg = Debug|Any CPU
		{D6A76567-A584-4612-9EFE-A155E96C1C7A}.Debug|Any CPU.Build.0 = Debug|Any CPU
		{D6A76567-A584-4612-9EFE-A155E96C1C7A}.Release|Any CPU.ActiveCfg = Release|Any CPU
		{D6A76567-A584-4612-9EFE-A155E96C1C7A}.Release|Any CPU.Build.0 = Release|Any CPU
		{AFF67CDA-E428-43B6-A361-0FDB7B0D5A24}.Debug|Any CPU.ActiveCfg = Debug|Any CPU
		{AFF67CDA-E428-43B6-A361-0FDB7B0D5A24}.Debug|Any CPU.Build.0 = Debug|Any CPU
		{AFF67CDA-E428-43B6-A361-0FDB7B0D5A24}.Release|Any CPU.ActiveCfg = Release|Any CPU
		{AFF67CDA-E428-43B6-A361-0FDB7B0D5A24}.Release|Any CPU.Build.0 = Release|Any CPU
	EndGlobalSection
	GlobalSection(SolutionProperties) = preSolution
		HideSolutionNode = FALSE
	EndGlobalSection
EndGlobal
